
Microsoft Visual Studio Solution File, Format Version 12.00
# Visual Studio 15
VisualStudioVersion = 15.0.27130.2027
MinimumVisualStudioVersion = 10.0.40219.1
Project("{CC5FD16D-436D-48AD-A40C-5A424C6E3E79}") = "gate-server", "gate-server\gate-server.ccproj", "{EC14D5F8-2676-47CC-94BD-02E69B0DF78A}"
EndProject
Project("{FAE04EC0-301F-11D3-BF4B-00C04F79EFBC}") = "worker-role", "worker-role\worker-role.csproj", "{2DE4F5A9-500C-4B48-88B6-F43C5E086AD5}"
EndProject
Global
	GlobalSection(SolutionConfigurationPlatforms) = preSolution
		Debug|Any CPU = Debug|Any CPU
		Release|Any CPU = Release|Any CPU
	EndGlobalSection
	GlobalSection(ProjectConfigurationPlatforms) = postSolution
		{EC14D5F8-2676-47CC-94BD-02E69B0DF78A}.Debug|Any CPU.ActiveCfg = Debug|Any CPU
		{EC14D5F8-2676-47CC-94BD-02E69B0DF78A}.Debug|Any CPU.Build.0 = Debug|Any CPU
		{EC14D5F8-2676-47CC-94BD-02E69B0DF78A}.Release|Any CPU.ActiveCfg = Release|Any CPU
		{EC14D5F8-2676-47CC-94BD-02E69B0DF78A}.Release|Any CPU.Build.0 = Release|Any CPU
		{2DE4F5A9-500C-4B48-88B6-F43C5E086AD5}.Debug|Any CPU.ActiveCfg = Debug|Any CPU
		{2DE4F5A9-500C-4B48-88B6-F43C5E086AD5}.Debug|Any CPU.Build.0 = Debug|Any CPU
		{2DE4F5A9-500C-4B48-88B6-F43C5E086AD5}.Release|Any CPU.ActiveCfg = Release|Any CPU
		{2DE4F5A9-500C-4B48-88B6-F43C5E086AD5}.Release|Any CPU.Build.0 = Release|Any CPU
	EndGlobalSection
	GlobalSection(SolutionProperties) = preSolution
		HideSolutionNode = FALSE
	EndGlobalSection
	GlobalSection(ExtensibilityGlobals) = postSolution
		SolutionGuid = {113B3C5B-D4DD-4A8C-9CCA-EE931F4E5880}
	EndGlobalSection
EndGlobal
